// !$*UTF8*$!
{
	archiveVersion = 1;
	classes = {
	};
	objectVersion = 46;
	objects = {

/* Begin PBXBuildFile section */
		08536EEE1F71050800695DC6 /* main.m in Sources */ = {isa = PBXBuildFile; fileRef = 08536EED1F71050800695DC6 /* main.m */; };
		08536EF11F71050800695DC6 /* AppDelegate.m in Sources */ = {isa = PBXBuildFile; fileRef = 08536EF01F71050800695DC6 /* AppDelegate.m */; };
		08536EF41F71050800695DC6 /* ViewController.m in Sources */ = {isa = PBXBuildFile; fileRef = 08536EF31F71050800695DC6 /* ViewController.m */; };
		08536EF71F71050800695DC6 /* Main.storyboard in Resources */ = {isa = PBXBuildFile; fileRef = 08536EF51F71050800695DC6 /* Main.storyboard */; };
		08536EF91F71050800695DC6 /* Assets.xcassets in Resources */ = {isa = PBXBuildFile; fileRef = 08536EF81F71050800695DC6 /* Assets.xcassets */; };
		08536EFC1F71050800695DC6 /* LaunchScreen.storyboard in Resources */ = {isa = PBXBuildFile; fileRef = 08536EFA1F71050800695DC6 /* LaunchScreen.storyboard */; };
		08536F071F71050800695DC6 /* musicOCTests.m in Sources */ = {isa = PBXBuildFile; fileRef = 08536F061F71050800695DC6 /* musicOCTests.m */; };
		08536F121F71050800695DC6 /* musicOCUITests.m in Sources */ = {isa = PBXBuildFile; fileRef = 08536F111F71050800695DC6 /* musicOCUITests.m */; };
		08536F211F71051500695DC6 /* SEEPlayerManager.m in Sources */ = {isa = PBXBuildFile; fileRef = 08536F201F71051500695DC6 /* SEEPlayerManager.m */; };
		08536F241F71051F00695DC6 /* SEEResourceLoader.m in Sources */ = {isa = PBXBuildFile; fileRef = 08536F231F71051F00695DC6 /* SEEResourceLoader.m */; };
		08536F2A1F71168D00695DC6 /* SEETask.m in Sources */ = {isa = PBXBuildFile; fileRef = 08536F291F71168D00695DC6 /* SEETask.m */; };
		08E0DA101F7213B80007B44A /* SEECacheManager.m in Sources */ = {isa = PBXBuildFile; fileRef = 08E0DA0F1F7213B80007B44A /* SEECacheManager.m */; };
/* End PBXBuildFile section */

/* Begin PBXContainerItemProxy section */
		08536F031F71050800695DC6 /* PBXContainerItemProxy */ = {
			isa = PBXContainerItemProxy;
			containerPortal = 08536EE11F71050800695DC6 /* Project object */;
			proxyType = 1;
			remoteGlobalIDString = 08536EE81F71050800695DC6;
			remoteInfo = musicOC;
		};
		08536F0E1F71050800695DC6 /* PBXContainerItemProxy */ = {
			isa = PBXContainerItemProxy;
			containerPortal = 08536EE11F71050800695DC6 /* Project object */;
			proxyType = 1;
			remoteGlobalIDString = 08536EE81F71050800695DC6;
			remoteInfo = musicOC;
		};
/* End PBXContainerItemProxy section */

/* Begin PBXFileReference section */
		08536EE91F71050800695DC6 /* musicOC.app */ = {isa = PBXFileReference; explicitFileType = wrapper.application; includeInIndex = 0; path = musicOC.app; sourceTree = BUILT_PRODUCTS_DIR; };
		08536EED1F71050800695DC6 /* main.m */ = {isa = PBXFileReference; lastKnownFileType = sourcecode.c.objc; path = main.m; sourceTree = "<group>"; };
		08536EEF1F71050800695DC6 /* AppDelegate.h */ = {isa = PBXFileReference; lastKnownFileType = sourcecode.c.h; path = AppDelegate.h; sourceTree = "<group>"; };
		08536EF01F71050800695DC6 /* AppDelegate.m */ = {isa = PBXFileReference; lastKnownFileType = sourcecode.c.objc; path = AppDelegate.m; sourceTree = "<group>"; };
		08536EF21F71050800695DC6 /* ViewController.h */ = {isa = PBXFileReference; lastKnownFileType = sourcecode.c.h; path = ViewController.h; sourceTree = "<group>"; };
		08536EF31F71050800695DC6 /* ViewController.m */ = {isa = PBXFileReference; lastKnownFileType = sourcecode.c.objc; path = ViewController.m; sourceTree = "<group>"; };
		08536EF61F71050800695DC6 /* Base */ = {isa = PBXFileReference; lastKnownFileType = file.storyboard; name = Base; path = Base.lproj/Main.storyboard; sourceTree = "<group>"; };
		08536EF81F71050800695DC6 /* Assets.xcassets */ = {isa = PBXFileReference; lastKnownFileType = folder.assetcatalog; path = Assets.xcassets; sourceTree = "<group>"; };
		08536EFB1F71050800695DC6 /* Base */ = {isa = PBXFileReference; lastKnownFileType = file.storyboard; name = Base; path = Base.lproj/LaunchScreen.storyboard; sourceTree = "<group>"; };
		08536EFD1F71050800695DC6 /* Info.plist */ = {isa = PBXFileReference; lastKnownFileType = text.plist.xml; path = Info.plist; sourceTree = "<group>"; };
		08536F021F71050800695DC6 /* musicOCTests.xctest */ = {isa = PBXFileReference; explicitFileType = wrapper.cfbundle; includeInIndex = 0; path = musicOCTests.xctest; sourceTree = BUILT_PRODUCTS_DIR; };
		08536F061F71050800695DC6 /* musicOCTests.m */ = {isa = PBXFileReference; lastKnownFileType = sourcecode.c.objc; path = musicOCTests.m; sourceTree = "<group>"; };
		08536F081F71050800695DC6 /* Info.plist */ = {isa = PBXFileReference; lastKnownFileType = text.plist.xml; path = Info.plist; sourceTree = "<group>"; };
		08536F0D1F71050800695DC6 /* musicOCUITests.xctest */ = {isa = PBXFileReference; explicitFileType = wrapper.cfbundle; includeInIndex = 0; path = musicOCUITests.xctest; sourceTree = BUILT_PRODUCTS_DIR; };
		08536F111F71050800695DC6 /* musicOCUITests.m */ = {isa = PBXFileReference; lastKnownFileType = sourcecode.c.objc; path = musicOCUITests.m; sourceTree = "<group>"; };
		08536F131F71050800695DC6 /* Info.plist */ = {isa = PBXFileReference; lastKnownFileType = text.plist.xml; path = Info.plist; sourceTree = "<group>"; };
		08536F1F1F71051500695DC6 /* SEEPlayerManager.h */ = {isa = PBXFileReference; fileEncoding = 4; lastKnownFileType = sourcecode.c.h; path = SEEPlayerManager.h; sourceTree = "<group>"; };
		08536F201F71051500695DC6 /* SEEPlayerManager.m */ = {isa = PBXFileReference; fileEncoding = 4; lastKnownFileType = sourcecode.c.objc; path = SEEPlayerManager.m; sourceTree = "<group>"; };
		08536F221F71051F00695DC6 /* SEEResourceLoader.h */ = {isa = PBXFileReference; fileEncoding = 4; lastKnownFileType = sourcecode.c.h; path = SEEResourceLoader.h; sourceTree = "<group>"; };
		08536F231F71051F00695DC6 /* SEEResourceLoader.m */ = {isa = PBXFileReference; fileEncoding = 4; lastKnownFileType = sourcecode.c.objc; path = SEEResourceLoader.m; sourceTree = "<group>"; };
		08536F281F71168D00695DC6 /* SEETask.h */ = {isa = PBXFileReference; fileEncoding = 4; lastKnownFileType = sourcecode.c.h; path = SEETask.h; sourceTree = "<group>"; };
		08536F291F71168D00695DC6 /* SEETask.m */ = {isa = PBXFileReference; fileEncoding = 4; lastKnownFileType = sourcecode.c.objc; path = SEETask.m; sourceTree = "<group>"; };
		08E0DA0E1F7213B80007B44A /* SEECacheManager.h */ = {isa = PBXFileReference; fileEncoding = 4; lastKnownFileType = sourcecode.c.h; path = SEECacheManager.h; sourceTree = "<group>"; };
		08E0DA0F1F7213B80007B44A /* SEECacheManager.m */ = {isa = PBXFileReference; fileEncoding = 4; lastKnownFileType = sourcecode.c.objc; path = SEECacheManager.m; sourceTree = "<group>"; };
/* End PBXFileReference section */

/* Begin PBXFrameworksBuildPhase section */
		08536EE61F71050800695DC6 /* Frameworks */ = {
			isa = PBXFrameworksBuildPhase;
			buildActionMask = 2147483647;
			files = (
			);
			runOnlyForDeploymentPostprocessing = 0;
		};
		08536EFF1F71050800695DC6 /* Frameworks */ = {
			isa = PBXFrameworksBuildPhase;
			buildActionMask = 2147483647;
			files = (
			);
			runOnlyForDeploymentPostprocessing = 0;
		};
		08536F0A1F71050800695DC6 /* Frameworks */ = {
			isa = PBXFrameworksBuildPhase;
			buildActionMask = 2147483647;
			files = (
			);
			runOnlyForDeploymentPostprocessing = 0;
		};
/* End PBXFrameworksBuildPhase section */

/* Begin PBXGroup section */
		08536EE01F71050800695DC6 = {
			isa = PBXGroup;
			children = (
				08536EEB1F71050800695DC6 /* musicOC */,
				08536F051F71050800695DC6 /* musicOCTests */,
				08536F101F71050800695DC6 /* musicOCUITests */,
				08536EEA1F71050800695DC6 /* Products */,
			);
			sourceTree = "<group>";
		};
		08536EEA1F71050800695DC6 /* Products */ = {
			isa = PBXGroup;
			children = (
				08536EE91F71050800695DC6 /* musicOC.app */,
				08536F021F71050800695DC6 /* musicOCTests.xctest */,
				08536F0D1F71050800695DC6 /* musicOCUITests.xctest */,
			);
			name = Products;
			sourceTree = "<group>";
		};
		08536EEB1F71050800695DC6 /* musicOC */ = {
			isa = PBXGroup;
			children = (
				08536EEF1F71050800695DC6 /* AppDelegate.h */,
				08536EF01F71050800695DC6 /* AppDelegate.m */,
				08536EF21F71050800695DC6 /* ViewController.h */,
				08536EF31F71050800695DC6 /* ViewController.m */,
				08536F1F1F71051500695DC6 /* SEEPlayerManager.h */,
				08536F201F71051500695DC6 /* SEEPlayerManager.m */,
				08536F221F71051F00695DC6 /* SEEResourceLoader.h */,
				08536F231F71051F00695DC6 /* SEEResourceLoader.m */,
				08536F281F71168D00695DC6 /* SEETask.h */,
				08536F291F71168D00695DC6 /* SEETask.m */,
				08E0DA0E1F7213B80007B44A /* SEECacheManager.h */,
				08E0DA0F1F7213B80007B44A /* SEECacheManager.m */,
				08536EF51F71050800695DC6 /* Main.storyboard */,
				08536EF81F71050800695DC6 /* Assets.xcassets */,
				08536EFA1F71050800695DC6 /* LaunchScreen.storyboard */,
				08536EFD1F71050800695DC6 /* Info.plist */,
				08536EEC1F71050800695DC6 /* Supporting Files */,
			);
			path = musicOC;
			sourceTree = "<group>";
		};
		08536EEC1F71050800695DC6 /* Supporting Files */ = {
			isa = PBXGroup;
			children = (
				08536EED1F71050800695DC6 /* main.m */,
			);
			name = "Supporting Files";
			sourceTree = "<group>";
		};
		08536F051F71050800695DC6 /* musicOCTests */ = {
			isa = PBXGroup;
			children = (
				08536F061F71050800695DC6 /* musicOCTests.m */,
				08536F081F71050800695DC6 /* Info.plist */,
			);
			path = musicOCTests;
			sourceTree = "<group>";
		};
		08536F101F71050800695DC6 /* musicOCUITests */ = {
			isa = PBXGroup;
			children = (
				08536F111F71050800695DC6 /* musicOCUITests.m */,
				08536F131F71050800695DC6 /* Info.plist */,
			);
			path = musicOCUITests;
			sourceTree = "<group>";
		};
/* End PBXGroup section */

/* Begin PBXNativeTarget section */
		08536EE81F71050800695DC6 /* musicOC */ = {
			isa = PBXNativeTarget;
			buildConfigurationList = 08536F161F71050800695DC6 /* Build configuration list for PBXNativeTarget "musicOC" */;
			buildPhases = (
				08536EE51F71050800695DC6 /* Sources */,
				08536EE61F71050800695DC6 /* Frameworks */,
				08536EE71F71050800695DC6 /* Resources */,
			);
			buildRules = (
			);
			dependencies = (
			);
			name = musicOC;
			productName = musicOC;
			productReference = 08536EE91F71050800695DC6 /* musicOC.app */;
			productType = "com.apple.product-type.application";
		};
		08536F011F71050800695DC6 /* musicOCTests */ = {
			isa = PBXNativeTarget;
			buildConfigurationList = 08536F191F71050800695DC6 /* Build configuration list for PBXNativeTarget "musicOCTests" */;
			buildPhases = (
				08536EFE1F71050800695DC6 /* Sources */,
				08536EFF1F71050800695DC6 /* Frameworks */,
				08536F001F71050800695DC6 /* Resources */,
			);
			buildRules = (
			);
			dependencies = (
				08536F041F71050800695DC6 /* PBXTargetDependency */,
			);
			name = musicOCTests;
			productName = musicOCTests;
			productReference = 08536F021F71050800695DC6 /* musicOCTests.xctest */;
			productType = "com.apple.product-type.bundle.unit-test";
		};
		08536F0C1F71050800695DC6 /* musicOCUITests */ = {
			isa = PBXNativeTarget;
			buildConfigurationList = 08536F1C1F71050800695DC6 /* Build configuration list for PBXNativeTarget "musicOCUITests" */;
			buildPhases = (
				08536F091F71050800695DC6 /* Sources */,
				08536F0A1F71050800695DC6 /* Frameworks */,
				08536F0B1F71050800695DC6 /* Resources */,
			);
			buildRules = (
			);
			dependencies = (
				08536F0F1F71050800695DC6 /* PBXTargetDependency */,
			);
			name = musicOCUITests;
			productName = musicOCUITests;
			productReference = 08536F0D1F71050800695DC6 /* musicOCUITests.xctest */;
			productType = "com.apple.product-type.bundle.ui-testing";
		};
/* End PBXNativeTarget section */

/* Begin PBXProject section */
		08536EE11F71050800695DC6 /* Project object */ = {
			isa = PBXProject;
			attributes = {
				LastUpgradeCheck = 0830;
				ORGANIZATIONNAME = "三只鸟";
				TargetAttributes = {
					08536EE81F71050800695DC6 = {
						CreatedOnToolsVersion = 8.3.2;
						DevelopmentTeam = 36BB695Z56;
						ProvisioningStyle = Automatic;
					};
					08536F011F71050800695DC6 = {
						CreatedOnToolsVersion = 8.3.2;
						DevelopmentTeam = 36BB695Z56;
						ProvisioningStyle = Automatic;
						TestTargetID = 08536EE81F71050800695DC6;
					};
					08536F0C1F71050800695DC6 = {
						CreatedOnToolsVersion = 8.3.2;
						DevelopmentTeam = 36BB695Z56;
						ProvisioningStyle = Automatic;
						TestTargetID = 08536EE81F71050800695DC6;
					};
				};
			};
			buildConfigurationList = 08536EE41F71050800695DC6 /* Build configuration list for PBXProject "musicOC" */;
			compatibilityVersion = "Xcode 3.2";
			developmentRegion = English;
			hasScannedForEncodings = 0;
			knownRegions = (
				en,
				Base,
			);
			mainGroup = 08536EE01F71050800695DC6;
			productRefGroup = 08536EEA1F71050800695DC6 /* Products */;
			projectDirPath = "";
			projectRoot = "";
			targets = (
				08536EE81F71050800695DC6 /* musicOC */,
				08536F011F71050800695DC6 /* musicOCTests */,
				08536F0C1F71050800695DC6 /* musicOCUITests */,
			);
		};
/* End PBXProject section */

/* Begin PBXResourcesBuildPhase section */
		08536EE71F71050800695DC6 /* Resources */ = {
			isa = PBXResourcesBuildPhase;
			buildActionMask = 2147483647;
			files = (
				08536EFC1F71050800695DC6 /* LaunchScreen.storyboard in Resources */,
				08536EF91F71050800695DC6 /* Assets.xcassets in Resources */,
				08536EF71F71050800695DC6 /* Main.storyboard in Resources */,
			);
			runOnlyForDeploymentPostprocessing = 0;
		};
		08536F001F71050800695DC6 /* Resources */ = {
			isa = PBXResourcesBuildPhase;
			buildActionMask = 2147483647;
			files = (
			);
			runOnlyForDeploymentPostprocessing = 0;
		};
		08536F0B1F71050800695DC6 /* Resources */ = {
			isa = PBXResourcesBuildPhase;
			buildActionMask = 2147483647;
			files = (
			);
			runOnlyForDeploymentPostprocessing = 0;
		};
/* End PBXResourcesBuildPhase section */

/* Begin PBXSourcesBuildPhase section */
		08536EE51F71050800695DC6 /* Sources */ = {
			isa = PBXSourcesBuildPhase;
			buildActionMask = 2147483647;
			files = (
				08536F2A1F71168D00695DC6 /* SEETask.m in Sources */,
				08536EF41F71050800695DC6 /* ViewController.m in Sources */,
				08536EF11F71050800695DC6 /* AppDelegate.m in Sources */,
				08536F211F71051500695DC6 /* SEEPlayerManager.m in Sources */,
				08536EEE1F71050800695DC6 /* main.m in Sources */,
				08E0DA101F7213B80007B44A /* SEECacheManager.m in Sources */,
				08536F241F71051F00695DC6 /* SEEResourceLoader.m in Sources */,
			);
			runOnlyForDeploymentPostprocessing = 0;
		};
		08536EFE1F71050800695DC6 /* Sources */ = {
			isa = PBXSourcesBuildPhase;
			buildActionMask = 2147483647;
			files = (
				08536F071F71050800695DC6 /* musicOCTests.m in Sources */,
			);
			runOnlyForDeploymentPostprocessing = 0;
		};
		08536F091F71050800695DC6 /* Sources */ = {
			isa = PBXSourcesBuildPhase;
			buildActionMask = 2147483647;
			files = (
				08536F121F71050800695DC6 /* musicOCUITests.m in Sources */,
			);
			runOnlyForDeploymentPostprocessing = 0;
		};
/* End PBXSourcesBuildPhase section */

/* Begin PBXTargetDependency section */
		08536F041F71050800695DC6 /* PBXTargetDependency */ = {
			isa = PBXTargetDependency;
			target = 08536EE81F71050800695DC6 /* musicOC */;
			targetProxy = 08536F031F71050800695DC6 /* PBXContainerItemProxy */;
		};
		08536F0F1F71050800695DC6 /* PBXTargetDependency */ = {
			isa = PBXTargetDependency;
			target = 08536EE81F71050800695DC6 /* musicOC */;
			targetProxy = 08536F0E1F71050800695DC6 /* PBXContainerItemProxy */;
		};
/* End PBXTargetDependency section */

/* Begin PBXVariantGroup section */
		08536EF51F71050800695DC6 /* Main.storyboard */ = {
			isa = PBXVariantGroup;
			children = (
				08536EF61F71050800695DC6 /* Base */,
			);
			name = Main.storyboard;
			sourceTree = "<group>";
		};
		08536EFA1F71050800695DC6 /* LaunchScreen.storyboard */ = {
			isa = PBXVariantGroup;
			children = (
				08536EFB1F71050800695DC6 /* Base */,
			);
			name = LaunchScreen.storyboard;
			sourceTree = "<group>";
		};
/* End PBXVariantGroup section */

/* Begin XCBuildConfiguration section */
		08536F141F71050800695DC6 /* Debug */ = {
			isa = XCBuildConfiguration;
			buildSettings = {
				ALWAYS_SEARCH_USER_PATHS = NO;
				CLANG_ANALYZER_NONNULL = YES;
				CLANG_ANALYZER_NUMBER_OBJECT_CONVERSION = YES_AGGRESSIVE;
				CLANG_CXX_LANGUAGE_STANDARD = "gnu++0x";
				CLANG_CXX_LIBRARY = "libc++";
				CLANG_ENABLE_MODULES = YES;
				CLANG_ENABLE_OBJC_ARC = YES;
				CLANG_WARN_BOOL_CONVERSION = YES;
				CLANG_WARN_CONSTANT_CONVERSION = YES;
				CLANG_WARN_DIRECT_OBJC_ISA_USAGE = YES_ERROR;
				CLANG_WARN_DOCUMENTATION_COMMENTS = YES;
				CLANG_WARN_EMPTY_BODY = YES;
				CLANG_WARN_ENUM_CONVERSION = YES;
				CLANG_WARN_INFINITE_RECURSION = YES;
				CLANG_WARN_INT_CONVERSION = YES;
				CLANG_WARN_OBJC_ROOT_CLASS = YES_ERROR;
				CLANG_WARN_SUSPICIOUS_MOVE = YES;
				CLANG_WARN_UNREACHABLE_CODE = YES;
				CLANG_WARN__DUPLICATE_METHOD_MATCH = YES;
				"CODE_SIGN_IDENTITY[sdk=iphoneos*]" = "iPhone Developer";
				COPY_PHASE_STRIP = NO;
				DEBUG_INFORMATION_FORMAT = dwarf;
				ENABLE_STRICT_OBJC_MSGSEND = YES;
				ENABLE_TESTABILITY = YES;
				GCC_C_LANGUAGE_STANDARD = gnu99;
				GCC_DYNAMIC_NO_PIC = NO;
				GCC_NO_COMMON_BLOCKS = YES;
				GCC_OPTIMIZATION_LEVEL = 0;
				GCC_PREPROCESSOR_DEFINITIONS = (
					"DEBUG=1",
					"$(inherited)",
				);
				GCC_WARN_64_TO_32_BIT_CONVERSION = YES;
				GCC_WARN_ABOUT_RETURN_TYPE = YES_ERROR;
				GCC_WARN_UNDECLARED_SELECTOR = YES;
				GCC_WARN_UNINITIALIZED_AUTOS = YES_AGGRESSIVE;
				GCC_WARN_UNUSED_FUNCTION = YES;
				GCC_WARN_UNUSED_VARIABLE = YES;
				IPHONEOS_DEPLOYMENT_TARGET = 10.3;
				MTL_ENABLE_DEBUG_INFO = YES;
				ONLY_ACTIVE_ARCH = YES;
				SDKROOT = iphoneos;
			};
			name = Debug;
		};
		08536F151F71050800695DC6 /* Release */ = {
			isa = XCBuildConfiguration;
			buildSettings = {
				ALWAYS_SEARCH_USER_PATHS = NO;
				CLANG_ANALYZER_NONNULL = YES;
				CLANG_ANALYZER_NUMBER_OBJECT_CONVERSION = YES_AGGRESSIVE;
				CLANG_CXX_LANGUAGE_STANDARD = "gnu++0x";
				CLANG_CXX_LIBRARY = "libc++";
				CLANG_ENABLE_MODULES = YES;
				CLANG_ENABLE_OBJC_ARC = YES;
				CLANG_WARN_BOOL_CONVERSION = YES;
				CLANG_WARN_CONSTANT_CONVERSION = YES;
				CLANG_WARN_DIRECT_OBJC_ISA_USAGE = YES_ERROR;
				CLANG_WARN_DOCUMENTATION_COMMENTS = YES;
				CLANG_WARN_EMPTY_BODY = YES;
				CLANG_WARN_ENUM_CONVERSION = YES;
				CLANG_WARN_INFINITE_RECURSION = YES;
				CLANG_WARN_INT_CONVERSION = YES;
				CLANG_WARN_OBJC_ROOT_CLASS = YES_ERROR;
				CLANG_WARN_SUSPICIOUS_MOVE = YES;
				CLANG_WARN_UNREACHABLE_CODE = YES;
				CLANG_WARN__DUPLICATE_METHOD_MATCH = YES;
				"CODE_SIGN_IDENTITY[sdk=iphoneos*]" = "iPhone Developer";
				COPY_PHASE_STRIP = NO;
				DEBUG_INFORMATION_FORMAT = "dwarf-with-dsym";
				ENABLE_NS_ASSERTIONS = NO;
				ENABLE_STRICT_OBJC_MSGSEND = YES;
				GCC_C_LANGUAGE_STANDARD = gnu99;
				GCC_NO_COMMON_BLOCKS = YES;
				GCC_WARN_64_TO_32_BIT_CONVERSION = YES;
				GCC_WARN_ABOUT_RETURN_TYPE = YES_ERROR;
				GCC_WARN_UNDECLARED_SELECTOR = YES;
				GCC_WARN_UNINITIALIZED_AUTOS = YES_AGGRESSIVE;
				GCC_WARN_UNUSED_FUNCTION = YES;
				GCC_WARN_UNUSED_VARIABLE = YES;
				IPHONEOS_DEPLOYMENT_TARGET = 10.3;
				MTL_ENABLE_DEBUG_INFO = NO;
				SDKROOT = iphoneos;
				VALIDATE_PRODUCT = YES;
			};
			name = Release;
		};
		08536F171F71050800695DC6 /* Debug */ = {
			isa = XCBuildConfiguration;
			buildSettings = {
				ASSETCATALOG_COMPILER_APPICON_NAME = AppIcon;
				DEVELOPMENT_TEAM = 36BB695Z56;
				INFOPLIST_FILE = musicOC/Info.plist;
				LD_RUNPATH_SEARCH_PATHS = "$(inherited) @executable_path/Frameworks";
				PRODUCT_BUNDLE_IDENTIFIER = com.hzszn.musicOC;
				PRODUCT_NAME = "$(TARGET_NAME)";
			};
			name = Debug;
		};
		08536F181F71050800695DC6 /* Release */ = {
			isa = XCBuildConfiguration;
			buildSettings = {
				ASSETCATALOG_COMPILER_APPICON_NAME = AppIcon;
				DEVELOPMENT_TEAM = 36BB695Z56;
				INFOPLIST_FILE = musicOC/Info.plist;
				LD_RUNPATH_SEARCH_PATHS = "$(inherited) @executable_path/Frameworks";
				PRODUCT_BUNDLE_IDENTIFIER = com.hzszn.musicOC;
				PRODUCT_NAME = "$(TARGET_NAME)";
			};
			name = Release;
		};
		08536F1A1F71050800695DC6 /* Debug */ = {
			isa = XCBuildConfiguration;
			buildSettings = {
				BUNDLE_LOADER = "$(TEST_HOST)";
				DEVELOPMENT_TEAM = 36BB695Z56;
				INFOPLIST_FILE = musicOCTests/Info.plist;
				LD_RUNPATH_SEARCH_PATHS = "$(inherited) @executable_path/Frameworks @loader_path/Frameworks";
				PRODUCT_BUNDLE_IDENTIFIER = com.hzszn.musicOCTests;
				PRODUCT_NAME = "$(TARGET_NAME)";
				TEST_HOST = "$(BUILT_PRODUCTS_DIR)/musicOC.app/musicOC";
			};
			name = Debug;
		};
		08536F1B1F71050800695DC6 /* Release */ = {
			isa = XCBuildConfiguration;
			buildSettings = {
				BUNDLE_LOADER = "$(TEST_HOST)";
				DEVELOPMENT_TEAM = 36BB695Z56;
				INFOPLIST_FILE = musicOCTests/Info.plist;
				LD_RUNPATH_SEARCH_PATHS = "$(inherited) @executable_path/Frameworks @loader_path/Frameworks";
				PRODUCT_BUNDLE_IDENTIFIER = com.hzszn.musicOCTests;
				PRODUCT_NAME = "$(TARGET_NAME)";
				TEST_HOST = "$(BUILT_PRODUCTS_DIR)/musicOC.app/musicOC";
			};
			name = Release;
		};
		08536F1D1F71050800695DC6 /* Debug */ = {
			isa = XCBuildConfiguration;
			buildSettings = {
				DEVELOPMENT_TEAM = 36BB695Z56;
				INFOPLIST_FILE = musicOCUITests/Info.plist;
				LD_RUNPATH_SEARCH_PATHS = "$(inherited) @executable_path/Frameworks @loader_path/Frameworks";
				PRODUCT_BUNDLE_IDENTIFIER = com.hzszn.musicOCUITests;
				PRODUCT_NAME = "$(TARGET_NAME)";
				TEST_TARGET_NAME = musicOC;
			};
			name = Debug;
		};
		08536F1E1F71050800695DC6 /* Release */ = {
			isa = XCBuildConfiguration;
			buildSettings = {
				DEVELOPMENT_TEAM = 36BB695Z56;
				INFOPLIST_FILE = musicOCUITests/Info.plist;
				LD_RUNPATH_SEARCH_PATHS = "$(inherited) @executable_path/Frameworks @loader_path/Frameworks";
				PRODUCT_BUNDLE_IDENTIFIER = com.hzszn.musicOCUITests;
				PRODUCT_NAME = "$(TARGET_NAME)";
				TEST_TARGET_NAME = musicOC;
			};
			name = Release;
		};
/* End XCBuildConfiguration section */

/* Begin XCConfigurationList section */
		08536EE41F71050800695DC6 /* Build configuration list for PBXProject "musicOC" */ = {
			isa = XCConfigurationList;
			buildConfigurations = (
				08536F141F71050800695DC6 /* Debug */,
				08536F151F71050800695DC6 /* Release */,
			);
			defaultConfigurationIsVisible = 0;
			defaultConfigurationName = Release;
		};
		08536F161F71050800695DC6 /* Build configuration list for PBXNativeTarget "musicOC" */ = {
			isa = XCConfigurationList;
			buildConfigurations = (
				08536F171F71050800695DC6 /* Debug */,
				08536F181F71050800695DC6 /* Release */,
			);
			defaultConfigurationIsVisible = 0;
			defaultConfigurationName = Release;
		};
		08536F191F71050800695DC6 /* Build configuration list for PBXNativeTarget "musicOCTests" */ = {
			isa = XCConfigurationList;
			buildConfigurations = (
				08536F1A1F71050800695DC6 /* Debug */,
				08536F1B1F71050800695DC6 /* Release */,
			);
			defaultConfigurationIsVisible = 0;
			defaultConfigurationName = Release;
		};
		08536F1C1F71050800695DC6 /* Build configuration list for PBXNativeTarget "musicOCUITests" */ = {
			isa = XCConfigurationList;
			buildConfigurations = (
				08536F1D1F71050800695DC6 /* Debug */,
				08536F1E1F71050800695DC6 /* Release */,
			);
			defaultConfigurationIsVisible = 0;
			defaultConfigurationName = Release;
		};
/* End XCConfigurationList section */
	};
	rootObject = 08536EE11F71050800695DC6 /* Project object */;
}
