// !$*UTF8*$!
{
	archiveVersion = 1;
	classes = {
	};
	objectVersion = 46;
	objects = {

/* Begin PBXBuildFile section */
		089CF3991F6F6D6800ED0BE1 /* AppDelegate.swift in Sources */ = {isa = PBXBuildFile; fileRef = 089CF3981F6F6D6800ED0BE1 /* AppDelegate.swift */; };
		089CF39B1F6F6D6800ED0BE1 /* ViewController.swift in Sources */ = {isa = PBXBuildFile; fileRef = 089CF39A1F6F6D6800ED0BE1 /* ViewController.swift */; };
		089CF39E1F6F6D6800ED0BE1 /* Main.storyboard in Resources */ = {isa = PBXBuildFile; fileRef = 089CF39C1F6F6D6800ED0BE1 /* Main.storyboard */; };
		089CF3A01F6F6D6800ED0BE1 /* Assets.xcassets in Resources */ = {isa = PBXBuildFile; fileRef = 089CF39F1F6F6D6800ED0BE1 /* Assets.xcassets */; };
		089CF3A31F6F6D6800ED0BE1 /* LaunchScreen.storyboard in Resources */ = {isa = PBXBuildFile; fileRef = 089CF3A11F6F6D6800ED0BE1 /* LaunchScreen.storyboard */; };
		089CF3AE1F6F6D6800ED0BE1 /* musicTests.swift in Sources */ = {isa = PBXBuildFile; fileRef = 089CF3AD1F6F6D6800ED0BE1 /* musicTests.swift */; };
		089CF3B91F6F6D6800ED0BE1 /* musicUITests.swift in Sources */ = {isa = PBXBuildFile; fileRef = 089CF3B81F6F6D6800ED0BE1 /* musicUITests.swift */; };
		089CF3CF1F6FADD500ED0BE1 /* SEEPlayer.swift in Sources */ = {isa = PBXBuildFile; fileRef = 089CF3CE1F6FADD500ED0BE1 /* SEEPlayer.swift */; };
/* End PBXBuildFile section */

/* Begin PBXContainerItemProxy section */
		089CF3AA1F6F6D6800ED0BE1 /* PBXContainerItemProxy */ = {
			isa = PBXContainerItemProxy;
			containerPortal = 089CF38D1F6F6D6800ED0BE1 /* Project object */;
			proxyType = 1;
			remoteGlobalIDString = 089CF3941F6F6D6800ED0BE1;
			remoteInfo = music;
		};
		089CF3B51F6F6D6800ED0BE1 /* PBXContainerItemProxy */ = {
			isa = PBXContainerItemProxy;
			containerPortal = 089CF38D1F6F6D6800ED0BE1 /* Project object */;
			proxyType = 1;
			remoteGlobalIDString = 089CF3941F6F6D6800ED0BE1;
			remoteInfo = music;
		};
/* End PBXContainerItemProxy section */

/* Begin PBXFileReference section */
		089CF3951F6F6D6800ED0BE1 /* music.app */ = {isa = PBXFileReference; explicitFileType = wrapper.application; includeInIndex = 0; path = music.app; sourceTree = BUILT_PRODUCTS_DIR; };
		089CF3981F6F6D6800ED0BE1 /* AppDelegate.swift */ = {isa = PBXFileReference; lastKnownFileType = sourcecode.swift; path = AppDelegate.swift; sourceTree = "<group>"; };
		089CF39A1F6F6D6800ED0BE1 /* ViewController.swift */ = {isa = PBXFileReference; lastKnownFileType = sourcecode.swift; path = ViewController.swift; sourceTree = "<group>"; };
		089CF39D1F6F6D6800ED0BE1 /* Base */ = {isa = PBXFileReference; lastKnownFileType = file.storyboard; name = Base; path = Base.lproj/Main.storyboard; sourceTree = "<group>"; };
		089CF39F1F6F6D6800ED0BE1 /* Assets.xcassets */ = {isa = PBXFileReference; lastKnownFileType = folder.assetcatalog; path = Assets.xcassets; sourceTree = "<group>"; };
		089CF3A21F6F6D6800ED0BE1 /* Base */ = {isa = PBXFileReference; lastKnownFileType = file.storyboard; name = Base; path = Base.lproj/LaunchScreen.storyboard; sourceTree = "<group>"; };
		089CF3A41F6F6D6800ED0BE1 /* Info.plist */ = {isa = PBXFileReference; lastKnownFileType = text.plist.xml; path = Info.plist; sourceTree = "<group>"; };
		089CF3A91F6F6D6800ED0BE1 /* musicTests.xctest */ = {isa = PBXFileReference; explicitFileType = wrapper.cfbundle; includeInIndex = 0; path = musicTests.xctest; sourceTree = BUILT_PRODUCTS_DIR; };
		089CF3AD1F6F6D6800ED0BE1 /* musicTests.swift */ = {isa = PBXFileReference; lastKnownFileType = sourcecode.swift; path = musicTests.swift; sourceTree = "<group>"; };
		089CF3AF1F6F6D6800ED0BE1 /* Info.plist */ = {isa = PBXFileReference; lastKnownFileType = text.plist.xml; path = Info.plist; sourceTree = "<group>"; };
		089CF3B41F6F6D6800ED0BE1 /* musicUITests.xctest */ = {isa = PBXFileReference; explicitFileType = wrapper.cfbundle; includeInIndex = 0; path = musicUITests.xctest; sourceTree = BUILT_PRODUCTS_DIR; };
		089CF3B81F6F6D6800ED0BE1 /* musicUITests.swift */ = {isa = PBXFileReference; lastKnownFileType = sourcecode.swift; path = musicUITests.swift; sourceTree = "<group>"; };
		089CF3BA1F6F6D6800ED0BE1 /* Info.plist */ = {isa = PBXFileReference; lastKnownFileType = text.plist.xml; path = Info.plist; sourceTree = "<group>"; };
		089CF3CE1F6FADD500ED0BE1 /* SEEPlayer.swift */ = {isa = PBXFileReference; fileEncoding = 4; lastKnownFileType = sourcecode.swift; path = SEEPlayer.swift; sourceTree = "<group>"; };
/* End PBXFileReference section */

/* Begin PBXFrameworksBuildPhase section */
		089CF3921F6F6D6800ED0BE1 /* Frameworks */ = {
			isa = PBXFrameworksBuildPhase;
			buildActionMask = 2147483647;
			files = (
			);
			runOnlyForDeploymentPostprocessing = 0;
		};
		089CF3A61F6F6D6800ED0BE1 /* Frameworks */ = {
			isa = PBXFrameworksBuildPhase;
			buildActionMask = 2147483647;
			files = (
			);
			runOnlyForDeploymentPostprocessing = 0;
		};
		089CF3B11F6F6D6800ED0BE1 /* Frameworks */ = {
			isa = PBXFrameworksBuildPhase;
			buildActionMask = 2147483647;
			files = (
			);
			runOnlyForDeploymentPostprocessing = 0;
		};
/* End PBXFrameworksBuildPhase section */

/* Begin PBXGroup section */
		089CF38C1F6F6D6800ED0BE1 = {
			isa = PBXGroup;
			children = (
				089CF3971F6F6D6800ED0BE1 /* music */,
				089CF3AC1F6F6D6800ED0BE1 /* musicTests */,
				089CF3B71F6F6D6800ED0BE1 /* musicUITests */,
				089CF3961F6F6D6800ED0BE1 /* Products */,
			);
			sourceTree = "<group>";
		};
		089CF3961F6F6D6800ED0BE1 /* Products */ = {
			isa = PBXGroup;
			children = (
				089CF3951F6F6D6800ED0BE1 /* music.app */,
				089CF3A91F6F6D6800ED0BE1 /* musicTests.xctest */,
				089CF3B41F6F6D6800ED0BE1 /* musicUITests.xctest */,
			);
			name = Products;
			sourceTree = "<group>";
		};
		089CF3971F6F6D6800ED0BE1 /* music */ = {
			isa = PBXGroup;
			children = (
				089CF3981F6F6D6800ED0BE1 /* AppDelegate.swift */,
				089CF39A1F6F6D6800ED0BE1 /* ViewController.swift */,
				089CF3CE1F6FADD500ED0BE1 /* SEEPlayer.swift */,
				089CF39C1F6F6D6800ED0BE1 /* Main.storyboard */,
				089CF39F1F6F6D6800ED0BE1 /* Assets.xcassets */,
				089CF3A11F6F6D6800ED0BE1 /* LaunchScreen.storyboard */,
				089CF3A41F6F6D6800ED0BE1 /* Info.plist */,
			);
			path = music;
			sourceTree = "<group>";
		};
		089CF3AC1F6F6D6800ED0BE1 /* musicTests */ = {
			isa = PBXGroup;
			children = (
				089CF3AD1F6F6D6800ED0BE1 /* musicTests.swift */,
				089CF3AF1F6F6D6800ED0BE1 /* Info.plist */,
			);
			path = musicTests;
			sourceTree = "<group>";
		};
		089CF3B71F6F6D6800ED0BE1 /* musicUITests */ = {
			isa = PBXGroup;
			children = (
				089CF3B81F6F6D6800ED0BE1 /* musicUITests.swift */,
				089CF3BA1F6F6D6800ED0BE1 /* Info.plist */,
			);
			path = musicUITests;
			sourceTree = "<group>";
		};
/* End PBXGroup section */

/* Begin PBXNativeTarget section */
		089CF3941F6F6D6800ED0BE1 /* music */ = {
			isa = PBXNativeTarget;
			buildConfigurationList = 089CF3BD1F6F6D6800ED0BE1 /* Build configuration list for PBXNativeTarget "music" */;
			buildPhases = (
				089CF3911F6F6D6800ED0BE1 /* Sources */,
				089CF3921F6F6D6800ED0BE1 /* Frameworks */,
				089CF3931F6F6D6800ED0BE1 /* Resources */,
			);
			buildRules = (
			);
			dependencies = (
			);
			name = music;
			productName = music;
			productReference = 089CF3951F6F6D6800ED0BE1 /* music.app */;
			productType = "com.apple.product-type.application";
		};
		089CF3A81F6F6D6800ED0BE1 /* musicTests */ = {
			isa = PBXNativeTarget;
			buildConfigurationList = 089CF3C01F6F6D6800ED0BE1 /* Build configuration list for PBXNativeTarget "musicTests" */;
			buildPhases = (
				089CF3A51F6F6D6800ED0BE1 /* Sources */,
				089CF3A61F6F6D6800ED0BE1 /* Frameworks */,
				089CF3A71F6F6D6800ED0BE1 /* Resources */,
			);
			buildRules = (
			);
			dependencies = (
				089CF3AB1F6F6D6800ED0BE1 /* PBXTargetDependency */,
			);
			name = musicTests;
			productName = musicTests;
			productReference = 089CF3A91F6F6D6800ED0BE1 /* musicTests.xctest */;
			productType = "com.apple.product-type.bundle.unit-test";
		};
		089CF3B31F6F6D6800ED0BE1 /* musicUITests */ = {
			isa = PBXNativeTarget;
			buildConfigurationList = 089CF3C31F6F6D6800ED0BE1 /* Build configuration list for PBXNativeTarget "musicUITests" */;
			buildPhases = (
				089CF3B01F6F6D6800ED0BE1 /* Sources */,
				089CF3B11F6F6D6800ED0BE1 /* Frameworks */,
				089CF3B21F6F6D6800ED0BE1 /* Resources */,
			);
			buildRules = (
			);
			dependencies = (
				089CF3B61F6F6D6800ED0BE1 /* PBXTargetDependency */,
			);
			name = musicUITests;
			productName = musicUITests;
			productReference = 089CF3B41F6F6D6800ED0BE1 /* musicUITests.xctest */;
			productType = "com.apple.product-type.bundle.ui-testing";
		};
/* End PBXNativeTarget section */

/* Begin PBXProject section */
		089CF38D1F6F6D6800ED0BE1 /* Project object */ = {
			isa = PBXProject;
			attributes = {
				LastSwiftUpdateCheck = 0830;
				LastUpgradeCheck = 0830;
				ORGANIZATIONNAME = "三只鸟";
				TargetAttributes = {
					089CF3941F6F6D6800ED0BE1 = {
						CreatedOnToolsVersion = 8.3.2;
						DevelopmentTeam = 36BB695Z56;
						ProvisioningStyle = Automatic;
					};
					089CF3A81F6F6D6800ED0BE1 = {
						CreatedOnToolsVersion = 8.3.2;
						DevelopmentTeam = 36BB695Z56;
						ProvisioningStyle = Automatic;
						TestTargetID = 089CF3941F6F6D6800ED0BE1;
					};
					089CF3B31F6F6D6800ED0BE1 = {
						CreatedOnToolsVersion = 8.3.2;
						DevelopmentTeam = 36BB695Z56;
						ProvisioningStyle = Automatic;
						TestTargetID = 089CF3941F6F6D6800ED0BE1;
					};
				};
			};
			buildConfigurationList = 089CF3901F6F6D6800ED0BE1 /* Build configuration list for PBXProject "music" */;
			compatibilityVersion = "Xcode 3.2";
			developmentRegion = English;
			hasScannedForEncodings = 0;
			knownRegions = (
				en,
				Base,
			);
			mainGroup = 089CF38C1F6F6D6800ED0BE1;
			productRefGroup = 089CF3961F6F6D6800ED0BE1 /* Products */;
			projectDirPath = "";
			projectRoot = "";
			targets = (
				089CF3941F6F6D6800ED0BE1 /* music */,
				089CF3A81F6F6D6800ED0BE1 /* musicTests */,
				089CF3B31F6F6D6800ED0BE1 /* musicUITests */,
			);
		};
/* End PBXProject section */

/* Begin PBXResourcesBuildPhase section */
		089CF3931F6F6D6800ED0BE1 /* Resources */ = {
			isa = PBXResourcesBuildPhase;
			buildActionMask = 2147483647;
			files = (
				089CF3A31F6F6D6800ED0BE1 /* LaunchScreen.storyboard in Resources */,
				089CF3A01F6F6D6800ED0BE1 /* Assets.xcassets in Resources */,
				089CF39E1F6F6D6800ED0BE1 /* Main.storyboard in Resources */,
			);
			runOnlyForDeploymentPostprocessing = 0;
		};
		089CF3A71F6F6D6800ED0BE1 /* Resources */ = {
			isa = PBXResourcesBuildPhase;
			buildActionMask = 2147483647;
			files = (
			);
			runOnlyForDeploymentPostprocessing = 0;
		};
		089CF3B21F6F6D6800ED0BE1 /* Resources */ = {
			isa = PBXResourcesBuildPhase;
			buildActionMask = 2147483647;
			files = (
			);
			runOnlyForDeploymentPostprocessing = 0;
		};
/* End PBXResourcesBuildPhase section */

/* Begin PBXSourcesBuildPhase section */
		089CF3911F6F6D6800ED0BE1 /* Sources */ = {
			isa = PBXSourcesBuildPhase;
			buildActionMask = 2147483647;
			files = (
				089CF39B1F6F6D6800ED0BE1 /* ViewController.swift in Sources */,
				089CF3CF1F6FADD500ED0BE1 /* SEEPlayer.swift in Sources */,
				089CF3991F6F6D6800ED0BE1 /* AppDelegate.swift in Sources */,
			);
			runOnlyForDeploymentPostprocessing = 0;
		};
		089CF3A51F6F6D6800ED0BE1 /* Sources */ = {
			isa = PBXSourcesBuildPhase;
			buildActionMask = 2147483647;
			files = (
				089CF3AE1F6F6D6800ED0BE1 /* musicTests.swift in Sources */,
			);
			runOnlyForDeploymentPostprocessing = 0;
		};
		089CF3B01F6F6D6800ED0BE1 /* Sources */ = {
			isa = PBXSourcesBuildPhase;
			buildActionMask = 2147483647;
			files = (
				089CF3B91F6F6D6800ED0BE1 /* musicUITests.swift in Sources */,
			);
			runOnlyForDeploymentPostprocessing = 0;
		};
/* End PBXSourcesBuildPhase section */

/* Begin PBXTargetDependency section */
		089CF3AB1F6F6D6800ED0BE1 /* PBXTargetDependency */ = {
			isa = PBXTargetDependency;
			target = 089CF3941F6F6D6800ED0BE1 /* music */;
			targetProxy = 089CF3AA1F6F6D6800ED0BE1 /* PBXContainerItemProxy */;
		};
		089CF3B61F6F6D6800ED0BE1 /* PBXTargetDependency */ = {
			isa = PBXTargetDependency;
			target = 089CF3941F6F6D6800ED0BE1 /* music */;
			targetProxy = 089CF3B51F6F6D6800ED0BE1 /* PBXContainerItemProxy */;
		};
/* End PBXTargetDependency section */

/* Begin PBXVariantGroup section */
		089CF39C1F6F6D6800ED0BE1 /* Main.storyboard */ = {
			isa = PBXVariantGroup;
			children = (
				089CF39D1F6F6D6800ED0BE1 /* Base */,
			);
			name = Main.storyboard;
			sourceTree = "<group>";
		};
		089CF3A11F6F6D6800ED0BE1 /* LaunchScreen.storyboard */ = {
			isa = PBXVariantGroup;
			children = (
				089CF3A21F6F6D6800ED0BE1 /* Base */,
			);
			name = LaunchScreen.storyboard;
			sourceTree = "<group>";
		};
/* End PBXVariantGroup section */

/* Begin XCBuildConfiguration section */
		089CF3BB1F6F6D6800ED0BE1 /* Debug */ = {
			isa = XCBuildConfiguration;
			buildSettings = {
				ALWAYS_SEARCH_USER_PATHS = NO;
				CLANG_ANALYZER_NONNULL = YES;
				CLANG_ANALYZER_NUMBER_OBJECT_CONVERSION = YES_AGGRESSIVE;
				CLANG_CXX_LANGUAGE_STANDARD = "gnu++0x";
				CLANG_CXX_LIBRARY = "libc++";
				CLANG_ENABLE_MODULES = YES;
				CLANG_ENABLE_OBJC_ARC = YES;
				CLANG_WARN_BOOL_CONVERSION = YES;
				CLANG_WARN_CONSTANT_CONVERSION = YES;
				CLANG_WARN_DIRECT_OBJC_ISA_USAGE = YES_ERROR;
				CLANG_WARN_DOCUMENTATION_COMMENTS = YES;
				CLANG_WARN_EMPTY_BODY = YES;
				CLANG_WARN_ENUM_CONVERSION = YES;
				CLANG_WARN_INFINITE_RECURSION = YES;
				CLANG_WARN_INT_CONVERSION = YES;
				CLANG_WARN_OBJC_ROOT_CLASS = YES_ERROR;
				CLANG_WARN_SUSPICIOUS_MOVE = YES;
				CLANG_WARN_UNREACHABLE_CODE = YES;
				CLANG_WARN__DUPLICATE_METHOD_MATCH = YES;
				"CODE_SIGN_IDENTITY[sdk=iphoneos*]" = "iPhone Developer";
				COPY_PHASE_STRIP = NO;
				DEBUG_INFORMATION_FORMAT = dwarf;
				ENABLE_STRICT_OBJC_MSGSEND = YES;
				ENABLE_TESTABILITY = YES;
				GCC_C_LANGUAGE_STANDARD = gnu99;
				GCC_DYNAMIC_NO_PIC = NO;
				GCC_NO_COMMON_BLOCKS = YES;
				GCC_OPTIMIZATION_LEVEL = 0;
				GCC_PREPROCESSOR_DEFINITIONS = (
					"DEBUG=1",
					"$(inherited)",
				);
				GCC_WARN_64_TO_32_BIT_CONVERSION = YES;
				GCC_WARN_ABOUT_RETURN_TYPE = YES_ERROR;
				GCC_WARN_UNDECLARED_SELECTOR = YES;
				GCC_WARN_UNINITIALIZED_AUTOS = YES_AGGRESSIVE;
				GCC_WARN_UNUSED_FUNCTION = YES;
				GCC_WARN_UNUSED_VARIABLE = YES;
				IPHONEOS_DEPLOYMENT_TARGET = 10.3;
				MTL_ENABLE_DEBUG_INFO = YES;
				ONLY_ACTIVE_ARCH = YES;
				SDKROOT = iphoneos;
				SWIFT_ACTIVE_COMPILATION_CONDITIONS = DEBUG;
				SWIFT_OPTIMIZATION_LEVEL = "-Onone";
			};
			name = Debug;
		};
		089CF3BC1F6F6D6800ED0BE1 /* Release */ = {
			isa = XCBuildConfiguration;
			buildSettings = {
				ALWAYS_SEARCH_USER_PATHS = NO;
				CLANG_ANALYZER_NONNULL = YES;
				CLANG_ANALYZER_NUMBER_OBJECT_CONVERSION = YES_AGGRESSIVE;
				CLANG_CXX_LANGUAGE_STANDARD = "gnu++0x";
				CLANG_CXX_LIBRARY = "libc++";
				CLANG_ENABLE_MODULES = YES;
				CLANG_ENABLE_OBJC_ARC = YES;
				CLANG_WARN_BOOL_CONVERSION = YES;
				CLANG_WARN_CONSTANT_CONVERSION = YES;
				CLANG_WARN_DIRECT_OBJC_ISA_USAGE = YES_ERROR;
				CLANG_WARN_DOCUMENTATION_COMMENTS = YES;
				CLANG_WARN_EMPTY_BODY = YES;
				CLANG_WARN_ENUM_CONVERSION = YES;
				CLANG_WARN_INFINITE_RECURSION = YES;
				CLANG_WARN_INT_CONVERSION = YES;
				CLANG_WARN_OBJC_ROOT_CLASS = YES_ERROR;
				CLANG_WARN_SUSPICIOUS_MOVE = YES;
				CLANG_WARN_UNREACHABLE_CODE = YES;
				CLANG_WARN__DUPLICATE_METHOD_MATCH = YES;
				"CODE_SIGN_IDENTITY[sdk=iphoneos*]" = "iPhone Developer";
				COPY_PHASE_STRIP = NO;
				DEBUG_INFORMATION_FORMAT = "dwarf-with-dsym";
				ENABLE_NS_ASSERTIONS = NO;
				ENABLE_STRICT_OBJC_MSGSEND = YES;
				GCC_C_LANGUAGE_STANDARD = gnu99;
				GCC_NO_COMMON_BLOCKS = YES;
				GCC_WARN_64_TO_32_BIT_CONVERSION = YES;
				GCC_WARN_ABOUT_RETURN_TYPE = YES_ERROR;
				GCC_WARN_UNDECLARED_SELECTOR = YES;
				GCC_WARN_UNINITIALIZED_AUTOS = YES_AGGRESSIVE;
				GCC_WARN_UNUSED_FUNCTION = YES;
				GCC_WARN_UNUSED_VARIABLE = YES;
				IPHONEOS_DEPLOYMENT_TARGET = 10.3;
				MTL_ENABLE_DEBUG_INFO = NO;
				SDKROOT = iphoneos;
				SWIFT_OPTIMIZATION_LEVEL = "-Owholemodule";
				VALIDATE_PRODUCT = YES;
			};
			name = Release;
		};
		089CF3BE1F6F6D6800ED0BE1 /* Debug */ = {
			isa = XCBuildConfiguration;
			buildSettings = {
				ASSETCATALOG_COMPILER_APPICON_NAME = AppIcon;
				DEVELOPMENT_TEAM = 36BB695Z56;
				INFOPLIST_FILE = music/Info.plist;
				LD_RUNPATH_SEARCH_PATHS = "$(inherited) @executable_path/Frameworks";
				PRODUCT_BUNDLE_IDENTIFIER = com.hzszn.music;
				PRODUCT_NAME = "$(TARGET_NAME)";
				SWIFT_VERSION = 3.0;
			};
			name = Debug;
		};
		089CF3BF1F6F6D6800ED0BE1 /* Release */ = {
			isa = XCBuildConfiguration;
			buildSettings = {
				ASSETCATALOG_COMPILER_APPICON_NAME = AppIcon;
				DEVELOPMENT_TEAM = 36BB695Z56;
				INFOPLIST_FILE = music/Info.plist;
				LD_RUNPATH_SEARCH_PATHS = "$(inherited) @executable_path/Frameworks";
				PRODUCT_BUNDLE_IDENTIFIER = com.hzszn.music;
				PRODUCT_NAME = "$(TARGET_NAME)";
				SWIFT_VERSION = 3.0;
			};
			name = Release;
		};
		089CF3C11F6F6D6800ED0BE1 /* Debug */ = {
			isa = XCBuildConfiguration;
			buildSettings = {
				ALWAYS_EMBED_SWIFT_STANDARD_LIBRARIES = YES;
				BUNDLE_LOADER = "$(TEST_HOST)";
				DEVELOPMENT_TEAM = 36BB695Z56;
				INFOPLIST_FILE = musicTests/Info.plist;
				LD_RUNPATH_SEARCH_PATHS = "$(inherited) @executable_path/Frameworks @loader_path/Frameworks";
				PRODUCT_BUNDLE_IDENTIFIER = com.hzszn.musicTests;
				PRODUCT_NAME = "$(TARGET_NAME)";
				SWIFT_VERSION = 3.0;
				TEST_HOST = "$(BUILT_PRODUCTS_DIR)/music.app/music";
			};
			name = Debug;
		};
		089CF3C21F6F6D6800ED0BE1 /* Release */ = {
			isa = XCBuildConfiguration;
			buildSettings = {
				ALWAYS_EMBED_SWIFT_STANDARD_LIBRARIES = YES;
				BUNDLE_LOADER = "$(TEST_HOST)";
				DEVELOPMENT_TEAM = 36BB695Z56;
				INFOPLIST_FILE = musicTests/Info.plist;
				LD_RUNPATH_SEARCH_PATHS = "$(inherited) @executable_path/Frameworks @loader_path/Frameworks";
				PRODUCT_BUNDLE_IDENTIFIER = com.hzszn.musicTests;
				PRODUCT_NAME = "$(TARGET_NAME)";
				SWIFT_VERSION = 3.0;
				TEST_HOST = "$(BUILT_PRODUCTS_DIR)/music.app/music";
			};
			name = Release;
		};
		089CF3C41F6F6D6800ED0BE1 /* Debug */ = {
			isa = XCBuildConfiguration;
			buildSettings = {
				ALWAYS_EMBED_SWIFT_STANDARD_LIBRARIES = YES;
				DEVELOPMENT_TEAM = 36BB695Z56;
				INFOPLIST_FILE = musicUITests/Info.plist;
				LD_RUNPATH_SEARCH_PATHS = "$(inherited) @executable_path/Frameworks @loader_path/Frameworks";
				PRODUCT_BUNDLE_IDENTIFIER = com.hzszn.musicUITests;
				PRODUCT_NAME = "$(TARGET_NAME)";
				SWIFT_VERSION = 3.0;
				TEST_TARGET_NAME = music;
			};
			name = Debug;
		};
		089CF3C51F6F6D6800ED0BE1 /* Release */ = {
			isa = XCBuildConfiguration;
			buildSettings = {
				ALWAYS_EMBED_SWIFT_STANDARD_LIBRARIES = YES;
				DEVELOPMENT_TEAM = 36BB695Z56;
				INFOPLIST_FILE = musicUITests/Info.plist;
				LD_RUNPATH_SEARCH_PATHS = "$(inherited) @executable_path/Frameworks @loader_path/Frameworks";
				PRODUCT_BUNDLE_IDENTIFIER = com.hzszn.musicUITests;
				PRODUCT_NAME = "$(TARGET_NAME)";
				SWIFT_VERSION = 3.0;
				TEST_TARGET_NAME = music;
			};
			name = Release;
		};
/* End XCBuildConfiguration section */

/* Begin XCConfigurationList section */
		089CF3901F6F6D6800ED0BE1 /* Build configuration list for PBXProject "music" */ = {
			isa = XCConfigurationList;
			buildConfigurations = (
				089CF3BB1F6F6D6800ED0BE1 /* Debug */,
				089CF3BC1F6F6D6800ED0BE1 /* Release */,
			);
			defaultConfigurationIsVisible = 0;
			defaultConfigurationName = Release;
		};
		089CF3BD1F6F6D6800ED0BE1 /* Build configuration list for PBXNativeTarget "music" */ = {
			isa = XCConfigurationList;
			buildConfigurations = (
				089CF3BE1F6F6D6800ED0BE1 /* Debug */,
				089CF3BF1F6F6D6800ED0BE1 /* Release */,
			);
			defaultConfigurationIsVisible = 0;
		};
		089CF3C01F6F6D6800ED0BE1 /* Build configuration list for PBXNativeTarget "musicTests" */ = {
			isa = XCConfigurationList;
			buildConfigurations = (
				089CF3C11F6F6D6800ED0BE1 /* Debug */,
				089CF3C21F6F6D6800ED0BE1 /* Release */,
			);
			defaultConfigurationIsVisible = 0;
		};
		089CF3C31F6F6D6800ED0BE1 /* Build configuration list for PBXNativeTarget "musicUITests" */ = {
			isa = XCConfigurationList;
			buildConfigurations = (
				089CF3C41F6F6D6800ED0BE1 /* Debug */,
				089CF3C51F6F6D6800ED0BE1 /* Release */,
			);
			defaultConfigurationIsVisible = 0;
		};
/* End XCConfigurationList section */
	};
	rootObject = 089CF38D1F6F6D6800ED0BE1 /* Project object */;
}
